// !$*UTF8*$!
{
	archiveVersion = 1;
	classes = {
	};
	objectVersion = 55;
	objects = {

/* Begin PBXBuildFile section */
		D5322303285C698B00D1CFCD /* Problem10.swift in Sources */ = {isa = PBXBuildFile; fileRef = D5322302285C698B00D1CFCD /* Problem10.swift */; };
		D56E65752850D192000FFE59 /* Problem4.swift in Sources */ = {isa = PBXBuildFile; fileRef = D56E65742850D192000FFE59 /* Problem4.swift */; };
		D56E65772850DBA9000FFE59 /* Util.swift in Sources */ = {isa = PBXBuildFile; fileRef = D56E65762850DBA9000FFE59 /* Util.swift */; };
		D5C062EA2817CDCD00DC8052 /* Problem2.swift in Sources */ = {isa = PBXBuildFile; fileRef = D5C062E92817CDCD00DC8052 /* Problem2.swift */; };
		D5C6ADD72848F56200F1C07D /* Problem5.swift in Sources */ = {isa = PBXBuildFile; fileRef = D5C6ADD62848F56200F1C07D /* Problem5.swift */; };
		D5D94EE72850C3AA0092C4D1 /* Problem3.swift in Sources */ = {isa = PBXBuildFile; fileRef = D5D94EE62850C3AA0092C4D1 /* Problem3.swift */; };
		D5E4B19B286D79F0002A1E25 /* Problem7.swift in Sources */ = {isa = PBXBuildFile; fileRef = D5E4B19A286D79F0002A1E25 /* Problem7.swift */; };
		D5E4B19D286DA699002A1E25 /* Problem8.swift in Sources */ = {isa = PBXBuildFile; fileRef = D5E4B19C286DA699002A1E25 /* Problem8.swift */; };
		D5E4B19F286DA6B5002A1E25 /* Problem9.swift in Sources */ = {isa = PBXBuildFile; fileRef = D5E4B19E286DA6B5002A1E25 /* Problem9.swift */; };
		D5E6FAB928571CF100FEA364 /* Problem6.swift in Sources */ = {isa = PBXBuildFile; fileRef = D5E6FAB828571CF100FEA364 /* Problem6.swift */; };
		D5E77D152806D0F600FB9262 /* Project_EulerApp.swift in Sources */ = {isa = PBXBuildFile; fileRef = D5E77D142806D0F600FB9262 /* Project_EulerApp.swift */; };
		D5E77D192806D0F800FB9262 /* Assets.xcassets in Resources */ = {isa = PBXBuildFile; fileRef = D5E77D182806D0F800FB9262 /* Assets.xcassets */; };
		D5E77D1C2806D0F800FB9262 /* Preview Assets.xcassets in Resources */ = {isa = PBXBuildFile; fileRef = D5E77D1B2806D0F800FB9262 /* Preview Assets.xcassets */; };
		D5E77D262806D0F800FB9262 /* Project_EulerTests.swift in Sources */ = {isa = PBXBuildFile; fileRef = D5E77D252806D0F800FB9262 /* Project_EulerTests.swift */; };
		D5E77D302806D0F800FB9262 /* Project_EulerUITests.swift in Sources */ = {isa = PBXBuildFile; fileRef = D5E77D2F2806D0F800FB9262 /* Project_EulerUITests.swift */; };
		D5E77D322806D0F800FB9262 /* Project_EulerUITestsLaunchTests.swift in Sources */ = {isa = PBXBuildFile; fileRef = D5E77D312806D0F800FB9262 /* Project_EulerUITestsLaunchTests.swift */; };
		D5E77D3F2806D4EF00FB9262 /* ProblemOverview.swift in Sources */ = {isa = PBXBuildFile; fileRef = D5E77D3E2806D4EF00FB9262 /* ProblemOverview.swift */; };
		D5E77D422806D52900FB9262 /* Problem1.swift in Sources */ = {isa = PBXBuildFile; fileRef = D5E77D412806D52900FB9262 /* Problem1.swift */; };
/* End PBXBuildFile section */

/* Begin PBXContainerItemProxy section */
		D5E77D222806D0F800FB9262 /* PBXContainerItemProxy */ = {
			isa = PBXContainerItemProxy;
			containerPortal = D5E77D092806D0F600FB9262 /* Project object */;
			proxyType = 1;
			remoteGlobalIDString = D5E77D102806D0F600FB9262;
			remoteInfo = "Project Euler";
		};
		D5E77D2C2806D0F800FB9262 /* PBXContainerItemProxy */ = {
			isa = PBXContainerItemProxy;
			containerPortal = D5E77D092806D0F600FB9262 /* Project object */;
			proxyType = 1;
			remoteGlobalIDString = D5E77D102806D0F600FB9262;
			remoteInfo = "Project Euler";
		};
/* End PBXContainerItemProxy section */

/* Begin PBXFileReference section */
		D5322302285C698B00D1CFCD /* Problem10.swift */ = {isa = PBXFileReference; lastKnownFileType = sourcecode.swift; path = Problem10.swift; sourceTree = "<group>"; };
		D56E65742850D192000FFE59 /* Problem4.swift */ = {isa = PBXFileReference; lastKnownFileType = sourcecode.swift; path = Problem4.swift; sourceTree = "<group>"; };
		D56E65762850DBA9000FFE59 /* Util.swift */ = {isa = PBXFileReference; lastKnownFileType = sourcecode.swift; path = Util.swift; sourceTree = "<group>"; };
		D5C062E92817CDCD00DC8052 /* Problem2.swift */ = {isa = PBXFileReference; lastKnownFileType = sourcecode.swift; path = Problem2.swift; sourceTree = "<group>"; };
		D5C6ADD62848F56200F1C07D /* Problem5.swift */ = {isa = PBXFileReference; lastKnownFileType = sourcecode.swift; path = Problem5.swift; sourceTree = "<group>"; };
		D5D94EE62850C3AA0092C4D1 /* Problem3.swift */ = {isa = PBXFileReference; lastKnownFileType = sourcecode.swift; path = Problem3.swift; sourceTree = "<group>"; };
		D5E4B19A286D79F0002A1E25 /* Problem7.swift */ = {isa = PBXFileReference; lastKnownFileType = sourcecode.swift; path = Problem7.swift; sourceTree = "<group>"; };
		D5E4B19C286DA699002A1E25 /* Problem8.swift */ = {isa = PBXFileReference; lastKnownFileType = sourcecode.swift; path = Problem8.swift; sourceTree = "<group>"; };
		D5E4B19E286DA6B5002A1E25 /* Problem9.swift */ = {isa = PBXFileReference; lastKnownFileType = sourcecode.swift; path = Problem9.swift; sourceTree = "<group>"; };
		D5E6FAB828571CF100FEA364 /* Problem6.swift */ = {isa = PBXFileReference; lastKnownFileType = sourcecode.swift; path = Problem6.swift; sourceTree = "<group>"; };
		D5E77D112806D0F600FB9262 /* Project Euler.app */ = {isa = PBXFileReference; explicitFileType = wrapper.application; includeInIndex = 0; path = "Project Euler.app"; sourceTree = BUILT_PRODUCTS_DIR; };
		D5E77D142806D0F600FB9262 /* Project_EulerApp.swift */ = {isa = PBXFileReference; lastKnownFileType = sourcecode.swift; path = Project_EulerApp.swift; sourceTree = "<group>"; };
		D5E77D182806D0F800FB9262 /* Assets.xcassets */ = {isa = PBXFileReference; lastKnownFileType = folder.assetcatalog; path = Assets.xcassets; sourceTree = "<group>"; };
		D5E77D1B2806D0F800FB9262 /* Preview Assets.xcassets */ = {isa = PBXFileReference; lastKnownFileType = folder.assetcatalog; path = "Preview Assets.xcassets"; sourceTree = "<group>"; };
		D5E77D212806D0F800FB9262 /* Project EulerTests.xctest */ = {isa = PBXFileReference; explicitFileType = wrapper.cfbundle; includeInIndex = 0; path = "Project EulerTests.xctest"; sourceTree = BUILT_PRODUCTS_DIR; };
		D5E77D252806D0F800FB9262 /* Project_EulerTests.swift */ = {isa = PBXFileReference; lastKnownFileType = sourcecode.swift; path = Project_EulerTests.swift; sourceTree = "<group>"; };
		D5E77D2B2806D0F800FB9262 /* Project EulerUITests.xctest */ = {isa = PBXFileReference; explicitFileType = wrapper.cfbundle; includeInIndex = 0; path = "Project EulerUITests.xctest"; sourceTree = BUILT_PRODUCTS_DIR; };
		D5E77D2F2806D0F800FB9262 /* Project_EulerUITests.swift */ = {isa = PBXFileReference; lastKnownFileType = sourcecode.swift; path = Project_EulerUITests.swift; sourceTree = "<group>"; };
		D5E77D312806D0F800FB9262 /* Project_EulerUITestsLaunchTests.swift */ = {isa = PBXFileReference; lastKnownFileType = sourcecode.swift; path = Project_EulerUITestsLaunchTests.swift; sourceTree = "<group>"; };
		D5E77D3E2806D4EF00FB9262 /* ProblemOverview.swift */ = {isa = PBXFileReference; lastKnownFileType = sourcecode.swift; path = ProblemOverview.swift; sourceTree = "<group>"; };
		D5E77D412806D52900FB9262 /* Problem1.swift */ = {isa = PBXFileReference; lastKnownFileType = sourcecode.swift; path = Problem1.swift; sourceTree = "<group>"; };
/* End PBXFileReference section */

/* Begin PBXFrameworksBuildPhase section */
		D5E77D0E2806D0F600FB9262 /* Frameworks */ = {
			isa = PBXFrameworksBuildPhase;
			buildActionMask = 2147483647;
			files = (
			);
			runOnlyForDeploymentPostprocessing = 0;
		};
		D5E77D1E2806D0F800FB9262 /* Frameworks */ = {
			isa = PBXFrameworksBuildPhase;
			buildActionMask = 2147483647;
			files = (
			);
			runOnlyForDeploymentPostprocessing = 0;
		};
		D5E77D282806D0F800FB9262 /* Frameworks */ = {
			isa = PBXFrameworksBuildPhase;
			buildActionMask = 2147483647;
			files = (
			);
			runOnlyForDeploymentPostprocessing = 0;
		};
/* End PBXFrameworksBuildPhase section */

/* Begin PBXGroup section */
		D5E77D082806D0F600FB9262 = {
			isa = PBXGroup;
			children = (
				D5E77D132806D0F600FB9262 /* Project Euler */,
				D5E77D242806D0F800FB9262 /* Project EulerTests */,
				D5E77D2E2806D0F800FB9262 /* Project EulerUITests */,
				D5E77D122806D0F600FB9262 /* Products */,
			);
			sourceTree = "<group>";
		};
		D5E77D122806D0F600FB9262 /* Products */ = {
			isa = PBXGroup;
			children = (
				D5E77D112806D0F600FB9262 /* Project Euler.app */,
				D5E77D212806D0F800FB9262 /* Project EulerTests.xctest */,
				D5E77D2B2806D0F800FB9262 /* Project EulerUITests.xctest */,
			);
			name = Products;
			sourceTree = "<group>";
		};
		D5E77D132806D0F600FB9262 /* Project Euler */ = {
			isa = PBXGroup;
			children = (
				D5E77D402806D50F00FB9262 /* Problems */,
				D5E77D142806D0F600FB9262 /* Project_EulerApp.swift */,
				D5E77D3E2806D4EF00FB9262 /* ProblemOverview.swift */,
				D56E65762850DBA9000FFE59 /* Util.swift */,
				D5E77D182806D0F800FB9262 /* Assets.xcassets */,
				D5E77D1A2806D0F800FB9262 /* Preview Content */,
			);
			path = "Project Euler";
			sourceTree = "<group>";
		};
		D5E77D1A2806D0F800FB9262 /* Preview Content */ = {
			isa = PBXGroup;
			children = (
				D5E77D1B2806D0F800FB9262 /* Preview Assets.xcassets */,
			);
			path = "Preview Content";
			sourceTree = "<group>";
		};
		D5E77D242806D0F800FB9262 /* Project EulerTests */ = {
			isa = PBXGroup;
			children = (
				D5E77D252806D0F800FB9262 /* Project_EulerTests.swift */,
			);
			path = "Project EulerTests";
			sourceTree = "<group>";
		};
		D5E77D2E2806D0F800FB9262 /* Project EulerUITests */ = {
			isa = PBXGroup;
			children = (
				D5E77D2F2806D0F800FB9262 /* Project_EulerUITests.swift */,
				D5E77D312806D0F800FB9262 /* Project_EulerUITestsLaunchTests.swift */,
			);
			path = "Project EulerUITests";
			sourceTree = "<group>";
		};
		D5E77D402806D50F00FB9262 /* Problems */ = {
			isa = PBXGroup;
			children = (
				D5E77D412806D52900FB9262 /* Problem1.swift */,
				D5C062E92817CDCD00DC8052 /* Problem2.swift */,
				D5D94EE62850C3AA0092C4D1 /* Problem3.swift */,
				D56E65742850D192000FFE59 /* Problem4.swift */,
				D5C6ADD62848F56200F1C07D /* Problem5.swift */,
				D5E6FAB828571CF100FEA364 /* Problem6.swift */,
				D5E4B19A286D79F0002A1E25 /* Problem7.swift */,
				D5E4B19C286DA699002A1E25 /* Problem8.swift */,
				D5E4B19E286DA6B5002A1E25 /* Problem9.swift */,
				D5322302285C698B00D1CFCD /* Problem10.swift */,
			);
			path = Problems;
			sourceTree = "<group>";
		};
/* End PBXGroup section */

/* Begin PBXNativeTarget section */
		D5E77D102806D0F600FB9262 /* Project Euler */ = {
			isa = PBXNativeTarget;
			buildConfigurationList = D5E77D352806D0F800FB9262 /* Build configuration list for PBXNativeTarget "Project Euler" */;
			buildPhases = (
				D5E77D0D2806D0F600FB9262 /* Sources */,
				D5E77D0E2806D0F600FB9262 /* Frameworks */,
				D5E77D0F2806D0F600FB9262 /* Resources */,
			);
			buildRules = (
			);
			dependencies = (
			);
			name = "Project Euler";
			productName = "Project Euler";
			productReference = D5E77D112806D0F600FB9262 /* Project Euler.app */;
			productType = "com.apple.product-type.application";
		};
		D5E77D202806D0F800FB9262 /* Project EulerTests */ = {
			isa = PBXNativeTarget;
			buildConfigurationList = D5E77D382806D0F800FB9262 /* Build configuration list for PBXNativeTarget "Project EulerTests" */;
			buildPhases = (
				D5E77D1D2806D0F800FB9262 /* Sources */,
				D5E77D1E2806D0F800FB9262 /* Frameworks */,
				D5E77D1F2806D0F800FB9262 /* Resources */,
			);
			buildRules = (
			);
			dependencies = (
				D5E77D232806D0F800FB9262 /* PBXTargetDependency */,
			);
			name = "Project EulerTests";
			productName = "Project EulerTests";
			productReference = D5E77D212806D0F800FB9262 /* Project EulerTests.xctest */;
			productType = "com.apple.product-type.bundle.unit-test";
		};
		D5E77D2A2806D0F800FB9262 /* Project EulerUITests */ = {
			isa = PBXNativeTarget;
			buildConfigurationList = D5E77D3B2806D0F800FB9262 /* Build configuration list for PBXNativeTarget "Project EulerUITests" */;
			buildPhases = (
				D5E77D272806D0F800FB9262 /* Sources */,
				D5E77D282806D0F800FB9262 /* Frameworks */,
				D5E77D292806D0F800FB9262 /* Resources */,
			);
			buildRules = (
			);
			dependencies = (
				D5E77D2D2806D0F800FB9262 /* PBXTargetDependency */,
			);
			name = "Project EulerUITests";
			productName = "Project EulerUITests";
			productReference = D5E77D2B2806D0F800FB9262 /* Project EulerUITests.xctest */;
			productType = "com.apple.product-type.bundle.ui-testing";
		};
/* End PBXNativeTarget section */

/* Begin PBXProject section */
		D5E77D092806D0F600FB9262 /* Project object */ = {
			isa = PBXProject;
			attributes = {
				BuildIndependentTargetsInParallel = 1;
				LastSwiftUpdateCheck = 1330;
				LastUpgradeCheck = 1330;
				TargetAttributes = {
					D5E77D102806D0F600FB9262 = {
						CreatedOnToolsVersion = 13.3.1;
					};
					D5E77D202806D0F800FB9262 = {
						CreatedOnToolsVersion = 13.3.1;
						TestTargetID = D5E77D102806D0F600FB9262;
					};
					D5E77D2A2806D0F800FB9262 = {
						CreatedOnToolsVersion = 13.3.1;
						TestTargetID = D5E77D102806D0F600FB9262;
					};
				};
			};
			buildConfigurationList = D5E77D0C2806D0F600FB9262 /* Build configuration list for PBXProject "Project Euler" */;
			compatibilityVersion = "Xcode 13.0";
			developmentRegion = en;
			hasScannedForEncodings = 0;
			knownRegions = (
				en,
				Base,
			);
			mainGroup = D5E77D082806D0F600FB9262;
			productRefGroup = D5E77D122806D0F600FB9262 /* Products */;
			projectDirPath = "";
			projectRoot = "";
			targets = (
				D5E77D102806D0F600FB9262 /* Project Euler */,
				D5E77D202806D0F800FB9262 /* Project EulerTests */,
				D5E77D2A2806D0F800FB9262 /* Project EulerUITests */,
			);
		};
/* End PBXProject section */

/* Begin PBXResourcesBuildPhase section */
		D5E77D0F2806D0F600FB9262 /* Resources */ = {
			isa = PBXResourcesBuildPhase;
			buildActionMask = 2147483647;
			files = (
				D5E77D1C2806D0F800FB9262 /* Preview Assets.xcassets in Resources */,
				D5E77D192806D0F800FB9262 /* Assets.xcassets in Resources */,
			);
			runOnlyForDeploymentPostprocessing = 0;
		};
		D5E77D1F2806D0F800FB9262 /* Resources */ = {
			isa = PBXResourcesBuildPhase;
			buildActionMask = 2147483647;
			files = (
			);
			runOnlyForDeploymentPostprocessing = 0;
		};
		D5E77D292806D0F800FB9262 /* Resources */ = {
			isa = PBXResourcesBuildPhase;
			buildActionMask = 2147483647;
			files = (
			);
			runOnlyForDeploymentPostprocessing = 0;
		};
/* End PBXResourcesBuildPhase section */

/* Begin PBXSourcesBuildPhase section */
		D5E77D0D2806D0F600FB9262 /* Sources */ = {
			isa = PBXSourcesBuildPhase;
			buildActionMask = 2147483647;
			files = (
				D5E6FAB928571CF100FEA364 /* Problem6.swift in Sources */,
				D5C062EA2817CDCD00DC8052 /* Problem2.swift in Sources */,
				D5322303285C698B00D1CFCD /* Problem10.swift in Sources */,
				D5E4B19F286DA6B5002A1E25 /* Problem9.swift in Sources */,
				D5C6ADD72848F56200F1C07D /* Problem5.swift in Sources */,
				D5E77D422806D52900FB9262 /* Problem1.swift in Sources */,
				D56E65772850DBA9000FFE59 /* Util.swift in Sources */,
				D5E4B19D286DA699002A1E25 /* Problem8.swift in Sources */,
				D5D94EE72850C3AA0092C4D1 /* Problem3.swift in Sources */,
				D5E77D3F2806D4EF00FB9262 /* ProblemOverview.swift in Sources */,
				D5E4B19B286D79F0002A1E25 /* Problem7.swift in Sources */,
				D56E65752850D192000FFE59 /* Problem4.swift in Sources */,
				D5E77D152806D0F600FB9262 /* Project_EulerApp.swift in Sources */,
			);
			runOnlyForDeploymentPostprocessing = 0;
		};
		D5E77D1D2806D0F800FB9262 /* Sources */ = {
			isa = PBXSourcesBuildPhase;
			buildActionMask = 2147483647;
			files = (
				D5E77D262806D0F800FB9262 /* Project_EulerTests.swift in Sources */,
			);
			runOnlyForDeploymentPostprocessing = 0;
		};
		D5E77D272806D0F800FB9262 /* Sources */ = {
			isa = PBXSourcesBuildPhase;
			buildActionMask = 2147483647;
			files = (
				D5E77D322806D0F800FB9262 /* Project_EulerUITestsLaunchTests.swift in Sources */,
				D5E77D302806D0F800FB9262 /* Project_EulerUITests.swift in Sources */,
			);
			runOnlyForDeploymentPostprocessing = 0;
		};
/* End PBXSourcesBuildPhase section */

/* Begin PBXTargetDependency section */
		D5E77D232806D0F800FB9262 /* PBXTargetDependency */ = {
			isa = PBXTargetDependency;
			target = D5E77D102806D0F600FB9262 /* Project Euler */;
			targetProxy = D5E77D222806D0F800FB9262 /* PBXContainerItemProxy */;
		};
		D5E77D2D2806D0F800FB9262 /* PBXTargetDependency */ = {
			isa = PBXTargetDependency;
			target = D5E77D102806D0F600FB9262 /* Project Euler */;
			targetProxy = D5E77D2C2806D0F800FB9262 /* PBXContainerItemProxy */;
		};
/* End PBXTargetDependency section */

/* Begin XCBuildConfiguration section */
		D5E77D332806D0F800FB9262 /* Debug */ = {
			isa = XCBuildConfiguration;
			buildSettings = {
				ALWAYS_SEARCH_USER_PATHS = NO;
				CLANG_ANALYZER_NONNULL = YES;
				CLANG_ANALYZER_NUMBER_OBJECT_CONVERSION = YES_AGGRESSIVE;
				CLANG_CXX_LANGUAGE_STANDARD = "gnu++17";
				CLANG_ENABLE_MODULES = YES;
				CLANG_ENABLE_OBJC_ARC = YES;
				CLANG_ENABLE_OBJC_WEAK = YES;
				CLANG_WARN_BLOCK_CAPTURE_AUTORELEASING = YES;
				CLANG_WARN_BOOL_CONVERSION = YES;
				CLANG_WARN_COMMA = YES;
				CLANG_WARN_CONSTANT_CONVERSION = YES;
				CLANG_WARN_DEPRECATED_OBJC_IMPLEMENTATIONS = YES;
				CLANG_WARN_DIRECT_OBJC_ISA_USAGE = YES_ERROR;
				CLANG_WARN_DOCUMENTATION_COMMENTS = YES;
				CLANG_WARN_EMPTY_BODY = YES;
				CLANG_WARN_ENUM_CONVERSION = YES;
				CLANG_WARN_INFINITE_RECURSION = YES;
				CLANG_WARN_INT_CONVERSION = YES;
				CLANG_WARN_NON_LITERAL_NULL_CONVERSION = YES;
				CLANG_WARN_OBJC_IMPLICIT_RETAIN_SELF = YES;
				CLANG_WARN_OBJC_LITERAL_CONVERSION = YES;
				CLANG_WARN_OBJC_ROOT_CLASS = YES_ERROR;
				CLANG_WARN_QUOTED_INCLUDE_IN_FRAMEWORK_HEADER = YES;
				CLANG_WARN_RANGE_LOOP_ANALYSIS = YES;
				CLANG_WARN_STRICT_PROTOTYPES = YES;
				CLANG_WARN_SUSPICIOUS_MOVE = YES;
				CLANG_WARN_UNGUARDED_AVAILABILITY = YES_AGGRESSIVE;
				CLANG_WARN_UNREACHABLE_CODE = YES;
				CLANG_WARN__DUPLICATE_METHOD_MATCH = YES;
				COPY_PHASE_STRIP = NO;
				DEBUG_INFORMATION_FORMAT = dwarf;
				ENABLE_STRICT_OBJC_MSGSEND = YES;
				ENABLE_TESTABILITY = YES;
				GCC_C_LANGUAGE_STANDARD = gnu11;
				GCC_DYNAMIC_NO_PIC = NO;
				GCC_NO_COMMON_BLOCKS = YES;
				GCC_OPTIMIZATION_LEVEL = 0;
				GCC_PREPROCESSOR_DEFINITIONS = (
					"DEBUG=1",
					"$(inherited)",
				);
				GCC_WARN_64_TO_32_BIT_CONVERSION = YES;
				GCC_WARN_ABOUT_RETURN_TYPE = YES_ERROR;
				GCC_WARN_UNDECLARED_SELECTOR = YES;
				GCC_WARN_UNINITIALIZED_AUTOS = YES_AGGRESSIVE;
				GCC_WARN_UNUSED_FUNCTION = YES;
				GCC_WARN_UNUSED_VARIABLE = YES;
				IPHONEOS_DEPLOYMENT_TARGET = 15.4;
				MTL_ENABLE_DEBUG_INFO = INCLUDE_SOURCE;
				MTL_FAST_MATH = YES;
				ONLY_ACTIVE_ARCH = YES;
				SDKROOT = iphoneos;
				SWIFT_ACTIVE_COMPILATION_CONDITIONS = DEBUG;
				SWIFT_OPTIMIZATION_LEVEL = "-Onone";
			};
			name = Debug;
		};
		D5E77D342806D0F800FB9262 /* Release */ = {
			isa = XCBuildConfiguration;
			buildSettings = {
				ALWAYS_SEARCH_USER_PATHS = NO;
				CLANG_ANALYZER_NONNULL = YES;
				CLANG_ANALYZER_NUMBER_OBJECT_CONVERSION = YES_AGGRESSIVE;
				CLANG_CXX_LANGUAGE_STANDARD = "gnu++17";
				CLANG_ENABLE_MODULES = YES;
				CLANG_ENABLE_OBJC_ARC = YES;
				CLANG_ENABLE_OBJC_WEAK = YES;
				CLANG_WARN_BLOCK_CAPTURE_AUTORELEASING = YES;
				CLANG_WARN_BOOL_CONVERSION = YES;
				CLANG_WARN_COMMA = YES;
				CLANG_WARN_CONSTANT_CONVERSION = YES;
				CLANG_WARN_DEPRECATED_OBJC_IMPLEMENTATIONS = YES;
				CLANG_WARN_DIRECT_OBJC_ISA_USAGE = YES_ERROR;
				CLANG_WARN_DOCUMENTATION_COMMENTS = YES;
				CLANG_WARN_EMPTY_BODY = YES;
				CLANG_WARN_ENUM_CONVERSION = YES;
				CLANG_WARN_INFINITE_RECURSION = YES;
				CLANG_WARN_INT_CONVERSION = YES;
				CLANG_WARN_NON_LITERAL_NULL_CONVERSION = YES;
				CLANG_WARN_OBJC_IMPLICIT_RETAIN_SELF = YES;
				CLANG_WARN_OBJC_LITERAL_CONVERSION = YES;
				CLANG_WARN_OBJC_ROOT_CLASS = YES_ERROR;
				CLANG_WARN_QUOTED_INCLUDE_IN_FRAMEWORK_HEADER = YES;
				CLANG_WARN_RANGE_LOOP_ANALYSIS = YES;
				CLANG_WARN_STRICT_PROTOTYPES = YES;
				CLANG_WARN_SUSPICIOUS_MOVE = YES;
				CLANG_WARN_UNGUARDED_AVAILABILITY = YES_AGGRESSIVE;
				CLANG_WARN_UNREACHABLE_CODE = YES;
				CLANG_WARN__DUPLICATE_METHOD_MATCH = YES;
				COPY_PHASE_STRIP = NO;
				DEBUG_INFORMATION_FORMAT = "dwarf-with-dsym";
				ENABLE_NS_ASSERTIONS = NO;
				ENABLE_STRICT_OBJC_MSGSEND = YES;
				GCC_C_LANGUAGE_STANDARD = gnu11;
				GCC_NO_COMMON_BLOCKS = YES;
				GCC_WARN_64_TO_32_BIT_CONVERSION = YES;
				GCC_WARN_ABOUT_RETURN_TYPE = YES_ERROR;
				GCC_WARN_UNDECLARED_SELECTOR = YES;
				GCC_WARN_UNINITIALIZED_AUTOS = YES_AGGRESSIVE;
				GCC_WARN_UNUSED_FUNCTION = YES;
				GCC_WARN_UNUSED_VARIABLE = YES;
				IPHONEOS_DEPLOYMENT_TARGET = 15.4;
				MTL_ENABLE_DEBUG_INFO = NO;
				MTL_FAST_MATH = YES;
				SDKROOT = iphoneos;
				SWIFT_COMPILATION_MODE = wholemodule;
				SWIFT_OPTIMIZATION_LEVEL = "-O";
				VALIDATE_PRODUCT = YES;
			};
			name = Release;
		};
		D5E77D362806D0F800FB9262 /* Debug */ = {
			isa = XCBuildConfiguration;
			buildSettings = {
				ASSETCATALOG_COMPILER_APPICON_NAME = AppIcon;
				ASSETCATALOG_COMPILER_GLOBAL_ACCENT_COLOR_NAME = AccentColor;
				CODE_SIGN_STYLE = Automatic;
				CURRENT_PROJECT_VERSION = 1;
				DEVELOPMENT_ASSET_PATHS = "\"Project Euler/Preview Content\"";
				DEVELOPMENT_TEAM = FBY8T7Z559;
				ENABLE_PREVIEWS = YES;
				GENERATE_INFOPLIST_FILE = YES;
				INFOPLIST_KEY_UIApplicationSceneManifest_Generation = YES;
				INFOPLIST_KEY_UIApplicationSupportsIndirectInputEvents = YES;
				INFOPLIST_KEY_UILaunchScreen_Generation = YES;
				INFOPLIST_KEY_UISupportedInterfaceOrientations_iPad = "UIInterfaceOrientationPortrait UIInterfaceOrientationPortraitUpsideDown UIInterfaceOrientationLandscapeLeft UIInterfaceOrientationLandscapeRight";
				INFOPLIST_KEY_UISupportedInterfaceOrientations_iPhone = "UIInterfaceOrientationPortrait UIInterfaceOrientationLandscapeLeft UIInterfaceOrientationLandscapeRight";
				IPHONEOS_DEPLOYMENT_TARGET = 15.0;
				LD_RUNPATH_SEARCH_PATHS = (
					"$(inherited)",
					"@executable_path/Frameworks",
				);
				MARKETING_VERSION = 1.0;
				PRODUCT_BUNDLE_IDENTIFIER = "com.ubs.43605527.Project-Euler";
				PRODUCT_NAME = "$(TARGET_NAME)";
				SWIFT_EMIT_LOC_STRINGS = YES;
				SWIFT_VERSION = 5.0;
				TARGETED_DEVICE_FAMILY = "1,2";
			};
			name = Debug;
		};
		D5E77D372806D0F800FB9262 /* Release */ = {
			isa = XCBuildConfiguration;
			buildSettings = {
				ASSETCATALOG_COMPILER_APPICON_NAME = AppIcon;
				ASSETCATALOG_COMPILER_GLOBAL_ACCENT_COLOR_NAME = AccentColor;
				CODE_SIGN_STYLE = Automatic;
				CURRENT_PROJECT_VERSION = 1;
				DEVELOPMENT_ASSET_PATHS = "\"Project Euler/Preview Content\"";
				DEVELOPMENT_TEAM = FBY8T7Z559;
				ENABLE_PREVIEWS = YES;
				GENERATE_INFOPLIST_FILE = YES;
				INFOPLIST_KEY_UIApplicationSceneManifest_Generation = YES;
				INFOPLIST_KEY_UIApplicationSupportsIndirectInputEvents = YES;
				INFOPLIST_KEY_UILaunchScreen_Generation = YES;
				INFOPLIST_KEY_UISupportedInterfaceOrientations_iPad = "UIInterfaceOrientationPortrait UIInterfaceOrientationPortraitUpsideDown UIInterfaceOrientationLandscapeLeft UIInterfaceOrientationLandscapeRight";
				INFOPLIST_KEY_UISupportedInterfaceOrientations_iPhone = "UIInterfaceOrientationPortrait UIInterfaceOrientationLandscapeLeft UIInterfaceOrientationLandscapeRight";
				IPHONEOS_DEPLOYMENT_TARGET = 15.0;
				LD_RUNPATH_SEARCH_PATHS = (
					"$(inherited)",
					"@executable_path/Frameworks",
				);
				MARKETING_VERSION = 1.0;
				PRODUCT_BUNDLE_IDENTIFIER = "com.ubs.43605527.Project-Euler";
				PRODUCT_NAME = "$(TARGET_NAME)";
				SWIFT_EMIT_LOC_STRINGS = YES;
				SWIFT_VERSION = 5.0;
				TARGETED_DEVICE_FAMILY = "1,2";
			};
			name = Release;
		};
		D5E77D392806D0F800FB9262 /* Debug */ = {
			isa = XCBuildConfiguration;
			buildSettings = {
				ALWAYS_EMBED_SWIFT_STANDARD_LIBRARIES = YES;
				BUNDLE_LOADER = "$(TEST_HOST)";
				CODE_SIGN_STYLE = Automatic;
				CURRENT_PROJECT_VERSION = 1;
				DEVELOPMENT_TEAM = FBY8T7Z559;
				GENERATE_INFOPLIST_FILE = YES;
				IPHONEOS_DEPLOYMENT_TARGET = 15.4;
				MARKETING_VERSION = 1.0;
				PRODUCT_BUNDLE_IDENTIFIER = "com.ubs.43605527.Project-EulerTests";
				PRODUCT_NAME = "$(TARGET_NAME)";
				SWIFT_EMIT_LOC_STRINGS = NO;
				SWIFT_VERSION = 5.0;
				TARGETED_DEVICE_FAMILY = "1,2";
				TEST_HOST = "$(BUILT_PRODUCTS_DIR)/Project Euler.app/Project Euler";
			};
			name = Debug;
		};
		D5E77D3A2806D0F800FB9262 /* Release */ = {
			isa = XCBuildConfiguration;
			buildSettings = {
				ALWAYS_EMBED_SWIFT_STANDARD_LIBRARIES = YES;
				BUNDLE_LOADER = "$(TEST_HOST)";
				CODE_SIGN_STYLE = Automatic;
				CURRENT_PROJECT_VERSION = 1;
				DEVELOPMENT_TEAM = FBY8T7Z559;
				GENERATE_INFOPLIST_FILE = YES;
				IPHONEOS_DEPLOYMENT_TARGET = 15.4;
				MARKETING_VERSION = 1.0;
				PRODUCT_BUNDLE_IDENTIFIER = "com.ubs.43605527.Project-EulerTests";
				PRODUCT_NAME = "$(TARGET_NAME)";
				SWIFT_EMIT_LOC_STRINGS = NO;
				SWIFT_VERSION = 5.0;
				TARGETED_DEVICE_FAMILY = "1,2";
				TEST_HOST = "$(BUILT_PRODUCTS_DIR)/Project Euler.app/Project Euler";
			};
			name = Release;
		};
		D5E77D3C2806D0F800FB9262 /* Debug */ = {
			isa = XCBuildConfiguration;
			buildSettings = {
				ALWAYS_EMBED_SWIFT_STANDARD_LIBRARIES = YES;
				CODE_SIGN_STYLE = Automatic;
				CURRENT_PROJECT_VERSION = 1;
				DEVELOPMENT_TEAM = FBY8T7Z559;
				GENERATE_INFOPLIST_FILE = YES;
				MARKETING_VERSION = 1.0;
				PRODUCT_BUNDLE_IDENTIFIER = "com.ubs.43605527.Project-EulerUITests";
				PRODUCT_NAME = "$(TARGET_NAME)";
				SWIFT_EMIT_LOC_STRINGS = NO;
				SWIFT_VERSION = 5.0;
				TARGETED_DEVICE_FAMILY = "1,2";
				TEST_TARGET_NAME = "Project Euler";
			};
			name = Debug;
		};
		D5E77D3D2806D0F800FB9262 /* Release */ = {
			isa = XCBuildConfiguration;
			buildSettings = {
				ALWAYS_EMBED_SWIFT_STANDARD_LIBRARIES = YES;
				CODE_SIGN_STYLE = Automatic;
				CURRENT_PROJECT_VERSION = 1;
				DEVELOPMENT_TEAM = FBY8T7Z559;
				GENERATE_INFOPLIST_FILE = YES;
				MARKETING_VERSION = 1.0;
				PRODUCT_BUNDLE_IDENTIFIER = "com.ubs.43605527.Project-EulerUITests";
				PRODUCT_NAME = "$(TARGET_NAME)";
				SWIFT_EMIT_LOC_STRINGS = NO;
				SWIFT_VERSION = 5.0;
				TARGETED_DEVICE_FAMILY = "1,2";
				TEST_TARGET_NAME = "Project Euler";
			};
			name = Release;
		};
/* End XCBuildConfiguration section */

/* Begin XCConfigurationList section */
		D5E77D0C2806D0F600FB9262 /* Build configuration list for PBXProject "Project Euler" */ = {
			isa = XCConfigurationList;
			buildConfigurations = (
				D5E77D332806D0F800FB9262 /* Debug */,
				D5E77D342806D0F800FB9262 /* Release */,
			);
			defaultConfigurationIsVisible = 0;
			defaultConfigurationName = Release;
		};
		D5E77D352806D0F800FB9262 /* Build configuration list for PBXNativeTarget "Project Euler" */ = {
			isa = XCConfigurationList;
			buildConfigurations = (
				D5E77D362806D0F800FB9262 /* Debug */,
				D5E77D372806D0F800FB9262 /* Release */,
			);
			defaultConfigurationIsVisible = 0;
			defaultConfigurationName = Release;
		};
		D5E77D382806D0F800FB9262 /* Build configuration list for PBXNativeTarget "Project EulerTests" */ = {
			isa = XCConfigurationList;
			buildConfigurations = (
				D5E77D392806D0F800FB9262 /* Debug */,
				D5E77D3A2806D0F800FB9262 /* Release */,
			);
			defaultConfigurationIsVisible = 0;
			defaultConfigurationName = Release;
		};
		D5E77D3B2806D0F800FB9262 /* Build configuration list for PBXNativeTarget "Project EulerUITests" */ = {
			isa = XCConfigurationList;
			buildConfigurations = (
				D5E77D3C2806D0F800FB9262 /* Debug */,
				D5E77D3D2806D0F800FB9262 /* Release */,
			);
			defaultConfigurationIsVisible = 0;
			defaultConfigurationName = Release;
		};
/* End XCConfigurationList section */
	};
	rootObject = D5E77D092806D0F600FB9262 /* Project object */;
}
